
Microsoft Visual Studio Solution File, Format Version 11.00
# Visual Studio 2010
Project("{FAE04EC0-301F-11D3-BF4B-00C04F79EFBC}") = "Game", "Game\Game\Game.csproj", "{2A8EB5CF-C2CE-4EA9-A924-E7F929F81F54}"
EndProject
Project("{FAE04EC0-301F-11D3-BF4B-00C04F79EFBC}") = "GameContent", "Game\GameContent\GameContent.contentproj", "{262B204E-5AA1-4DCD-A9B1-441905DCB8D0}"
EndProject
Project("{FAE04EC0-301F-11D3-BF4B-00C04F79EFBC}") = "Engine", "Engine\Engine.csproj", "{478E1321-0169-43FB-B5F2-914FC4E0913D}"
EndProject
Project("{FAE04EC0-301F-11D3-BF4B-00C04F79EFBC}") = "GifAnimation", "GifAnimation\GifAnimation.csproj", "{76B7215D-8172-4FF9-A1A9-4989B0D4C15B}"
EndProject
Project("{FAE04EC0-301F-11D3-BF4B-00C04F79EFBC}") = "GifAnimation.Pipeline", "GifAnimation.Pipeline\GifAnimation.Pipeline.csproj", "{9C683759-D9CF-423E-87B1-153097BE2820}"
EndProject
Global
	GlobalSection(SolutionConfigurationPlatforms) = preSolution
		Debug|Any CPU = Debug|Any CPU
		Debug|Mixed Platforms = Debug|Mixed Platforms
		Debug|x86 = Debug|x86
		Release|Any CPU = Release|Any CPU
		Release|Mixed Platforms = Release|Mixed Platforms
		Release|x86 = Release|x86
	EndGlobalSection
	GlobalSection(ProjectConfigurationPlatforms) = postSolution
		{2A8EB5CF-C2CE-4EA9-A924-E7F929F81F54}.Debug|Any CPU.ActiveCfg = Debug|x86
		{2A8EB5CF-C2CE-4EA9-A924-E7F929F81F54}.Debug|Mixed Platforms.ActiveCfg = Debug|x86
		{2A8EB5CF-C2CE-4EA9-A924-E7F929F81F54}.Debug|Mixed Platforms.Build.0 = Debug|x86
		{2A8EB5CF-C2CE-4EA9-A924-E7F929F81F54}.Debug|x86.ActiveCfg = Debug|x86
		{2A8EB5CF-C2CE-4EA9-A924-E7F929F81F54}.Debug|x86.Build.0 = Debug|x86
		{2A8EB5CF-C2CE-4EA9-A924-E7F929F81F54}.Release|Any CPU.ActiveCfg = Release|x86
		{2A8EB5CF-C2CE-4EA9-A924-E7F929F81F54}.Release|Mixed Platforms.ActiveCfg = Release|x86
		{2A8EB5CF-C2CE-4EA9-A924-E7F929F81F54}.Release|Mixed Platforms.Build.0 = Release|x86
		{2A8EB5CF-C2CE-4EA9-A924-E7F929F81F54}.Release|x86.ActiveCfg = Release|x86
		{2A8EB5CF-C2CE-4EA9-A924-E7F929F81F54}.Release|x86.Build.0 = Release|x86
		{262B204E-5AA1-4DCD-A9B1-441905DCB8D0}.Debug|Any CPU.ActiveCfg = Debug|x86
		{262B204E-5AA1-4DCD-A9B1-441905DCB8D0}.Debug|Mixed Platforms.ActiveCfg = Debug|x86
		{262B204E-5AA1-4DCD-A9B1-441905DCB8D0}.Debug|x86.ActiveCfg = Debug|x86
		{262B204E-5AA1-4DCD-A9B1-441905DCB8D0}.Release|Any CPU.ActiveCfg = Release|x86
		{262B204E-5AA1-4DCD-A9B1-441905DCB8D0}.Release|Mixed Platforms.ActiveCfg = Release|x86
		{262B204E-5AA1-4DCD-A9B1-441905DCB8D0}.Release|x86.ActiveCfg = Release|x86
		{478E1321-0169-43FB-B5F2-914FC4E0913D}.Debug|Any CPU.ActiveCfg = Debug|x86
		{478E1321-0169-43FB-B5F2-914FC4E0913D}.Debug|Mixed Platforms.ActiveCfg = Debug|x86
		{478E1321-0169-43FB-B5F2-914FC4E0913D}.Debug|Mixed Platforms.Build.0 = Debug|x86
		{478E1321-0169-43FB-B5F2-914FC4E0913D}.Debug|x86.ActiveCfg = Debug|x86
		{478E1321-0169-43FB-B5F2-914FC4E0913D}.Debug|x86.Build.0 = Debug|x86
		{478E1321-0169-43FB-B5F2-914FC4E0913D}.Release|Any CPU.ActiveCfg = Release|x86
		{478E1321-0169-43FB-B5F2-914FC4E0913D}.Release|Mixed Platforms.ActiveCfg = Release|x86
		{478E1321-0169-43FB-B5F2-914FC4E0913D}.Release|Mixed Platforms.Build.0 = Release|x86
		{478E1321-0169-43FB-B5F2-914FC4E0913D}.Release|x86.ActiveCfg = Release|x86
		{478E1321-0169-43FB-B5F2-914FC4E0913D}.Release|x86.Build.0 = Release|x86
		{76B7215D-8172-4FF9-A1A9-4989B0D4C15B}.Debug|Any CPU.ActiveCfg = Debug|x86
		{76B7215D-8172-4FF9-A1A9-4989B0D4C15B}.Debug|Mixed Platforms.ActiveCfg = Debug|x86
		{76B7215D-8172-4FF9-A1A9-4989B0D4C15B}.Debug|Mixed Platforms.Build.0 = Debug|x86
		{76B7215D-8172-4FF9-A1A9-4989B0D4C15B}.Debug|x86.ActiveCfg = Debug|x86
		{76B7215D-8172-4FF9-A1A9-4989B0D4C15B}.Debug|x86.Build.0 = Debug|x86
		{76B7215D-8172-4FF9-A1A9-4989B0D4C15B}.Release|Any CPU.ActiveCfg = Release|x86
		{76B7215D-8172-4FF9-A1A9-4989B0D4C15B}.Release|Mixed Platforms.ActiveCfg = Release|x86
		{76B7215D-8172-4FF9-A1A9-4989B0D4C15B}.Release|Mixed Platforms.Build.0 = Release|x86
		{76B7215D-8172-4FF9-A1A9-4989B0D4C15B}.Release|x86.ActiveCfg = Release|x86
		{76B7215D-8172-4FF9-A1A9-4989B0D4C15B}.Release|x86.Build.0 = Release|x86
		{9C683759-D9CF-423E-87B1-153097BE2820}.Debug|Any CPU.ActiveCfg = Debug|x86
		{9C683759-D9CF-423E-87B1-153097BE2820}.Debug|Any CPU.Build.0 = Debug|x86
		{9C683759-D9CF-423E-87B1-153097BE2820}.Debug|Mixed Platforms.ActiveCfg = Debug|x86
		{9C683759-D9CF-423E-87B1-153097BE2820}.Debug|Mixed Platforms.Build.0 = Debug|x86
		{9C683759-D9CF-423E-87B1-153097BE2820}.Debug|x86.ActiveCfg = Debug|x86
		{9C683759-D9CF-423E-87B1-153097BE2820}.Debug|x86.Build.0 = Debug|x86
		{9C683759-D9CF-423E-87B1-153097BE2820}.Release|Any CPU.ActiveCfg = Debug|x86
		{9C683759-D9CF-423E-87B1-153097BE2820}.Release|Any CPU.Build.0 = Debug|x86
		{9C683759-D9CF-423E-87B1-153097BE2820}.Release|Mixed Platforms.ActiveCfg = Debug|x86
		{9C683759-D9CF-423E-87B1-153097BE2820}.Release|Mixed Platforms.Build.0 = Debug|x86
		{9C683759-D9CF-423E-87B1-153097BE2820}.Release|x86.ActiveCfg = Debug|x86
		{9C683759-D9CF-423E-87B1-153097BE2820}.Release|x86.Build.0 = Debug|x86
	EndGlobalSection
	GlobalSection(SolutionProperties) = preSolution
		HideSolutionNode = FALSE
	EndGlobalSection
EndGlobal
